// !$*UTF8*$!
{
	archiveVersion = 1;
	classes = {
	};
	objectVersion = 46;
	objects = {

/* Begin PBXBuildFile section */
		168DA2391C66771A00BF983C /* AppDelegate.swift in Sources */ = {isa = PBXBuildFile; fileRef = 168DA2381C66771A00BF983C /* AppDelegate.swift */; };
		168DA23B1C66771A00BF983C /* FirstViewController.swift in Sources */ = {isa = PBXBuildFile; fileRef = 168DA23A1C66771A00BF983C /* FirstViewController.swift */; };
		168DA23D1C66771A00BF983C /* SecondViewController.swift in Sources */ = {isa = PBXBuildFile; fileRef = 168DA23C1C66771A00BF983C /* SecondViewController.swift */; };
		168DA2401C66771A00BF983C /* Main.storyboard in Resources */ = {isa = PBXBuildFile; fileRef = 168DA23E1C66771A00BF983C /* Main.storyboard */; };
		168DA2421C66771A00BF983C /* Assets.xcassets in Resources */ = {isa = PBXBuildFile; fileRef = 168DA2411C66771A00BF983C /* Assets.xcassets */; };
		168DA2451C66771A00BF983C /* LaunchScreen.storyboard in Resources */ = {isa = PBXBuildFile; fileRef = 168DA2431C66771A00BF983C /* LaunchScreen.storyboard */; };
		168DA2501C66771A00BF983C /* StreetPerformersUITests.swift in Sources */ = {isa = PBXBuildFile; fileRef = 168DA24F1C66771A00BF983C /* StreetPerformersUITests.swift */; };
		B5ADCAB41C66A64700D8D123 /* SearchViewController.swift in Sources */ = {isa = PBXBuildFile; fileRef = B5ADCAB31C66A64700D8D123 /* SearchViewController.swift */; };
/* End PBXBuildFile section */

/* Begin PBXContainerItemProxy section */
		168DA24C1C66771A00BF983C /* PBXContainerItemProxy */ = {
			isa = PBXContainerItemProxy;
			containerPortal = 168DA22D1C66771A00BF983C /* Project object */;
			proxyType = 1;
			remoteGlobalIDString = 168DA2341C66771A00BF983C;
			remoteInfo = StreetPerformers;
		};
/* End PBXContainerItemProxy section */

/* Begin PBXFileReference section */
		168DA2351C66771A00BF983C /* StreetPerformers.app */ = {isa = PBXFileReference; explicitFileType = wrapper.application; includeInIndex = 0; path = StreetPerformers.app; sourceTree = BUILT_PRODUCTS_DIR; };
		168DA2381C66771A00BF983C /* AppDelegate.swift */ = {isa = PBXFileReference; lastKnownFileType = sourcecode.swift; name = AppDelegate.swift; path = "../../Street-Performer/StreetPerformers/AppDelegate.swift"; sourceTree = "<group>"; };
		168DA23A1C66771A00BF983C /* FirstViewController.swift */ = {isa = PBXFileReference; lastKnownFileType = sourcecode.swift; name = FirstViewController.swift; path = "../../Street-Performer/StreetPerformers/FirstViewController.swift"; sourceTree = "<group>"; };
		168DA23C1C66771A00BF983C /* SecondViewController.swift */ = {isa = PBXFileReference; lastKnownFileType = sourcecode.swift; name = SecondViewController.swift; path = "../../Street-Performer/StreetPerformers/SecondViewController.swift"; sourceTree = "<group>"; };
		168DA23F1C66771A00BF983C /* Base */ = {isa = PBXFileReference; lastKnownFileType = file.storyboard; name = Base; path = Base.lproj/Main.storyboard; sourceTree = "<group>"; };
		168DA2411C66771A00BF983C /* Assets.xcassets */ = {isa = PBXFileReference; lastKnownFileType = folder.assetcatalog; name = Assets.xcassets; path = "../Street-Performer/StreetPerformers/Assets.xcassets"; sourceTree = SOURCE_ROOT; };
		168DA2441C66771A00BF983C /* Base */ = {isa = PBXFileReference; lastKnownFileType = file.storyboard; name = Base; path = Base.lproj/LaunchScreen.storyboard; sourceTree = "<group>"; };
		168DA2461C66771A00BF983C /* Info.plist */ = {isa = PBXFileReference; lastKnownFileType = text.plist.xml; name = Info.plist; path = "../../Street-Performer/StreetPerformers/Info.plist"; sourceTree = "<group>"; };
		168DA24B1C66771A00BF983C /* StreetPerformersUITests.xctest */ = {isa = PBXFileReference; explicitFileType = wrapper.cfbundle; includeInIndex = 0; path = StreetPerformersUITests.xctest; sourceTree = BUILT_PRODUCTS_DIR; };
		168DA24F1C66771A00BF983C /* StreetPerformersUITests.swift */ = {isa = PBXFileReference; lastKnownFileType = sourcecode.swift; path = StreetPerformersUITests.swift; sourceTree = "<group>"; };
		168DA2511C66771A00BF983C /* Info.plist */ = {isa = PBXFileReference; lastKnownFileType = text.plist.xml; path = Info.plist; sourceTree = "<group>"; };
		B5ADCAB31C66A64700D8D123 /* SearchViewController.swift */ = {isa = PBXFileReference; fileEncoding = 4; lastKnownFileType = sourcecode.swift; name = SearchViewController.swift; path = "../Street-Performer/StreetPerformers/SearchViewController.swift"; sourceTree = SOURCE_ROOT; };
/* End PBXFileReference section */

/* Begin PBXFrameworksBuildPhase section */
		168DA2321C66771A00BF983C /* Frameworks */ = {
			isa = PBXFrameworksBuildPhase;
			buildActionMask = 2147483647;
			files = (
			);
			runOnlyForDeploymentPostprocessing = 0;
		};
		168DA2481C66771A00BF983C /* Frameworks */ = {
			isa = PBXFrameworksBuildPhase;
			buildActionMask = 2147483647;
			files = (
			);
			runOnlyForDeploymentPostprocessing = 0;
		};
/* End PBXFrameworksBuildPhase section */

/* Begin PBXGroup section */
		168DA22C1C66771A00BF983C = {
			isa = PBXGroup;
			children = (
				168DA2371C66771A00BF983C /* StreetPerformers */,
				168DA24E1C66771A00BF983C /* StreetPerformersUITests */,
				168DA2361C66771A00BF983C /* Products */,
			);
			sourceTree = "<group>";
		};
		168DA2361C66771A00BF983C /* Products */ = {
			isa = PBXGroup;
			children = (
				168DA2351C66771A00BF983C /* StreetPerformers.app */,
				168DA24B1C66771A00BF983C /* StreetPerformersUITests.xctest */,
			);
			name = Products;
			sourceTree = "<group>";
		};
		168DA2371C66771A00BF983C /* StreetPerformers */ = {
			isa = PBXGroup;
			children = (
				168DA2381C66771A00BF983C /* AppDelegate.swift */,
				168DA25C1C667D9900BF983C /* Models */,
				168DA25E1C667DA700BF983C /* Controllers */,
				168DA25D1C667DA100BF983C /* Views */,
				168DA2431C66771A00BF983C /* LaunchScreen.storyboard */,
				168DA2461C66771A00BF983C /* Info.plist */,
			);
			path = StreetPerformers;
			sourceTree = "<group>";
		};
		168DA24E1C66771A00BF983C /* StreetPerformersUITests */ = {
			isa = PBXGroup;
			children = (
				168DA24F1C66771A00BF983C /* StreetPerformersUITests.swift */,
				168DA2511C66771A00BF983C /* Info.plist */,
			);
			name = StreetPerformersUITests;
			path = "../Street-Performer/StreetPerformersUITests";
			sourceTree = SOURCE_ROOT;
		};
		168DA25C1C667D9900BF983C /* Models */ = {
			isa = PBXGroup;
			children = (
			);
			name = Models;
			sourceTree = "<group>";
		};
		168DA25D1C667DA100BF983C /* Views */ = {
			isa = PBXGroup;
			children = (
				168DA23E1C66771A00BF983C /* Main.storyboard */,
				168DA2411C66771A00BF983C /* Assets.xcassets */,
			);
			name = Views;
			sourceTree = "<group>";
		};
		168DA25E1C667DA700BF983C /* Controllers */ = {
			isa = PBXGroup;
			children = (
				168DA23A1C66771A00BF983C /* FirstViewController.swift */,
				168DA23C1C66771A00BF983C /* SecondViewController.swift */,
				B5ADCAB31C66A64700D8D123 /* SearchViewController.swift */,
			);
			name = Controllers;
			sourceTree = "<group>";
		};
/* End PBXGroup section */

/* Begin PBXNativeTarget section */
		168DA2341C66771A00BF983C /* StreetPerformers */ = {
			isa = PBXNativeTarget;
			buildConfigurationList = 168DA2541C66771A00BF983C /* Build configuration list for PBXNativeTarget "StreetPerformers" */;
			buildPhases = (
				168DA2311C66771A00BF983C /* Sources */,
				168DA2321C66771A00BF983C /* Frameworks */,
				168DA2331C66771A00BF983C /* Resources */,
			);
			buildRules = (
			);
			dependencies = (
			);
			name = StreetPerformers;
			productName = StreetPerformers;
			productReference = 168DA2351C66771A00BF983C /* StreetPerformers.app */;
			productType = "com.apple.product-type.application";
		};
		168DA24A1C66771A00BF983C /* StreetPerformersUITests */ = {
			isa = PBXNativeTarget;
			buildConfigurationList = 168DA2571C66771A00BF983C /* Build configuration list for PBXNativeTarget "StreetPerformersUITests" */;
			buildPhases = (
				168DA2471C66771A00BF983C /* Sources */,
				168DA2481C66771A00BF983C /* Frameworks */,
				168DA2491C66771A00BF983C /* Resources */,
			);
			buildRules = (
			);
			dependencies = (
				168DA24D1C66771A00BF983C /* PBXTargetDependency */,
			);
			name = StreetPerformersUITests;
			productName = StreetPerformersUITests;
			productReference = 168DA24B1C66771A00BF983C /* StreetPerformersUITests.xctest */;
			productType = "com.apple.product-type.bundle.ui-testing";
		};
/* End PBXNativeTarget section */

/* Begin PBXProject section */
		168DA22D1C66771A00BF983C /* Project object */ = {
			isa = PBXProject;
			attributes = {
				LastSwiftUpdateCheck = 0720;
				LastUpgradeCheck = 0720;
				ORGANIZATIONNAME = Jacob;
				TargetAttributes = {
					168DA2341C66771A00BF983C = {
						CreatedOnToolsVersion = 7.2;
					};
					168DA24A1C66771A00BF983C = {
						CreatedOnToolsVersion = 7.2;
						TestTargetID = 168DA2341C66771A00BF983C;
					};
				};
			};
			buildConfigurationList = 168DA2301C66771A00BF983C /* Build configuration list for PBXProject "StreetPerformers" */;
			compatibilityVersion = "Xcode 3.2";
			developmentRegion = English;
			hasScannedForEncodings = 0;
			knownRegions = (
				en,
				Base,
			);
			mainGroup = 168DA22C1C66771A00BF983C;
			productRefGroup = 168DA2361C66771A00BF983C /* Products */;
			projectDirPath = "";
			projectRoot = "";
			targets = (
				168DA2341C66771A00BF983C /* StreetPerformers */,
				168DA24A1C66771A00BF983C /* StreetPerformersUITests */,
			);
		};
/* End PBXProject section */

/* Begin PBXResourcesBuildPhase section */
		168DA2331C66771A00BF983C /* Resources */ = {
			isa = PBXResourcesBuildPhase;
			buildActionMask = 2147483647;
			files = (
				168DA2451C66771A00BF983C /* LaunchScreen.storyboard in Resources */,
				168DA2421C66771A00BF983C /* Assets.xcassets in Resources */,
				168DA2401C66771A00BF983C /* Main.storyboard in Resources */,
			);
			runOnlyForDeploymentPostprocessing = 0;
		};
		168DA2491C66771A00BF983C /* Resources */ = {
			isa = PBXResourcesBuildPhase;
			buildActionMask = 2147483647;
			files = (
			);
			runOnlyForDeploymentPostprocessing = 0;
		};
/* End PBXResourcesBuildPhase section */

/* Begin PBXSourcesBuildPhase section */
		168DA2311C66771A00BF983C /* Sources */ = {
			isa = PBXSourcesBuildPhase;
			buildActionMask = 2147483647;
			files = (
				168DA23D1C66771A00BF983C /* SecondViewController.swift in Sources */,
				168DA2391C66771A00BF983C /* AppDelegate.swift in Sources */,
				B5ADCAB41C66A64700D8D123 /* SearchViewController.swift in Sources */,
				168DA23B1C66771A00BF983C /* FirstViewController.swift in Sources */,
			);
			runOnlyForDeploymentPostprocessing = 0;
		};
		168DA2471C66771A00BF983C /* Sources */ = {
			isa = PBXSourcesBuildPhase;
			buildActionMask = 2147483647;
			files = (
				168DA2501C66771A00BF983C /* StreetPerformersUITests.swift in Sources */,
			);
			runOnlyForDeploymentPostprocessing = 0;
		};
/* End PBXSourcesBuildPhase section */

/* Begin PBXTargetDependency section */
		168DA24D1C66771A00BF983C /* PBXTargetDependency */ = {
			isa = PBXTargetDependency;
			target = 168DA2341C66771A00BF983C /* StreetPerformers */;
			targetProxy = 168DA24C1C66771A00BF983C /* PBXContainerItemProxy */;
		};
/* End PBXTargetDependency section */

/* Begin PBXVariantGroup section */
		168DA23E1C66771A00BF983C /* Main.storyboard */ = {
			isa = PBXVariantGroup;
			children = (
				168DA23F1C66771A00BF983C /* Base */,
			);
			name = Main.storyboard;
			sourceTree = "<group>";
		};
		168DA2431C66771A00BF983C /* LaunchScreen.storyboard */ = {
			isa = PBXVariantGroup;
			children = (
				168DA2441C66771A00BF983C /* Base */,
			);
			name = LaunchScreen.storyboard;
			sourceTree = "<group>";
		};
/* End PBXVariantGroup section */

/* Begin XCBuildConfiguration section */
		168DA2521C66771A00BF983C /* Debug */ = {
			isa = XCBuildConfiguration;
			buildSettings = {
				ALWAYS_SEARCH_USER_PATHS = NO;
				CLANG_CXX_LANGUAGE_STANDARD = "gnu++0x";
				CLANG_CXX_LIBRARY = "libc++";
				CLANG_ENABLE_MODULES = YES;
				CLANG_ENABLE_OBJC_ARC = YES;
				CLANG_WARN_BOOL_CONVERSION = YES;
				CLANG_WARN_CONSTANT_CONVERSION = YES;
				CLANG_WARN_DIRECT_OBJC_ISA_USAGE = YES_ERROR;
				CLANG_WARN_EMPTY_BODY = YES;
				CLANG_WARN_ENUM_CONVERSION = YES;
				CLANG_WARN_INT_CONVERSION = YES;
				CLANG_WARN_OBJC_ROOT_CLASS = YES_ERROR;
				CLANG_WARN_UNREACHABLE_CODE = YES;
				CLANG_WARN__DUPLICATE_METHOD_MATCH = YES;
				"CODE_SIGN_IDENTITY[sdk=iphoneos*]" = "iPhone Developer";
				COPY_PHASE_STRIP = NO;
				DEBUG_INFORMATION_FORMAT = dwarf;
				ENABLE_STRICT_OBJC_MSGSEND = YES;
				ENABLE_TESTABILITY = YES;
				GCC_C_LANGUAGE_STANDARD = gnu99;
				GCC_DYNAMIC_NO_PIC = NO;
				GCC_NO_COMMON_BLOCKS = YES;
				GCC_OPTIMIZATION_LEVEL = 0;
				GCC_PREPROCESSOR_DEFINITIONS = (
					"DEBUG=1",
					"$(inherited)",
				);
				GCC_WARN_64_TO_32_BIT_CONVERSION = YES;
				GCC_WARN_ABOUT_RETURN_TYPE = YES_ERROR;
				GCC_WARN_UNDECLARED_SELECTOR = YES;
				GCC_WARN_UNINITIALIZED_AUTOS = YES_AGGRESSIVE;
				GCC_WARN_UNUSED_FUNCTION = YES;
				GCC_WARN_UNUSED_VARIABLE = YES;
				IPHONEOS_DEPLOYMENT_TARGET = 9.2;
				MTL_ENABLE_DEBUG_INFO = YES;
				ONLY_ACTIVE_ARCH = YES;
				SDKROOT = iphoneos;
				SWIFT_OPTIMIZATION_LEVEL = "-Onone";
				TARGETED_DEVICE_FAMILY = "1,2";
			};
			name = Debug;
		};
		168DA2531C66771A00BF983C /* Release */ = {
			isa = XCBuildConfiguration;
			buildSettings = {
				ALWAYS_SEARCH_USER_PATHS = NO;
				CLANG_CXX_LANGUAGE_STANDARD = "gnu++0x";
				CLANG_CXX_LIBRARY = "libc++";
				CLANG_ENABLE_MODULES = YES;
				CLANG_ENABLE_OBJC_ARC = YES;
				CLANG_WARN_BOOL_CONVERSION = YES;
				CLANG_WARN_CONSTANT_CONVERSION = YES;
				CLANG_WARN_DIRECT_OBJC_ISA_USAGE = YES_ERROR;
				CLANG_WARN_EMPTY_BODY = YES;
				CLANG_WARN_ENUM_CONVERSION = YES;
				CLANG_WARN_INT_CONVERSION = YES;
				CLANG_WARN_OBJC_ROOT_CLASS = YES_ERROR;
				CLANG_WARN_UNREACHABLE_CODE = YES;
				CLANG_WARN__DUPLICATE_METHOD_MATCH = YES;
				"CODE_SIGN_IDENTITY[sdk=iphoneos*]" = "iPhone Developer";
				COPY_PHASE_STRIP = NO;
				DEBUG_INFORMATION_FORMAT = "dwarf-with-dsym";
				ENABLE_NS_ASSERTIONS = NO;
				ENABLE_STRICT_OBJC_MSGSEND = YES;
				GCC_C_LANGUAGE_STANDARD = gnu99;
				GCC_NO_COMMON_BLOCKS = YES;
				GCC_WARN_64_TO_32_BIT_CONVERSION = YES;
				GCC_WARN_ABOUT_RETURN_TYPE = YES_ERROR;
				GCC_WARN_UNDECLARED_SELECTOR = YES;
				GCC_WARN_UNINITIALIZED_AUTOS = YES_AGGRESSIVE;
				GCC_WARN_UNUSED_FUNCTION = YES;
				GCC_WARN_UNUSED_VARIABLE = YES;
				IPHONEOS_DEPLOYMENT_TARGET = 9.2;
				MTL_ENABLE_DEBUG_INFO = NO;
				SDKROOT = iphoneos;
				TARGETED_DEVICE_FAMILY = "1,2";
				VALIDATE_PRODUCT = YES;
			};
			name = Release;
		};
		168DA2551C66771A00BF983C /* Debug */ = {
			isa = XCBuildConfiguration;
			buildSettings = {
				ASSETCATALOG_COMPILER_APPICON_NAME = AppIcon;
				INFOPLIST_FILE = StreetPerformers/Info.plist;
				LD_RUNPATH_SEARCH_PATHS = "$(inherited) @executable_path/Frameworks";
				PRODUCT_BUNDLE_IDENTIFIER = HAB.StreetPerformers;
				PRODUCT_NAME = "$(TARGET_NAME)";
			};
			name = Debug;
		};
		168DA2561C66771A00BF983C /* Release */ = {
			isa = XCBuildConfiguration;
			buildSettings = {
				ASSETCATALOG_COMPILER_APPICON_NAME = AppIcon;
				INFOPLIST_FILE = StreetPerformers/Info.plist;
				LD_RUNPATH_SEARCH_PATHS = "$(inherited) @executable_path/Frameworks";
				PRODUCT_BUNDLE_IDENTIFIER = HAB.StreetPerformers;
				PRODUCT_NAME = "$(TARGET_NAME)";
			};
			name = Release;
		};
		168DA2581C66771A00BF983C /* Debug */ = {
			isa = XCBuildConfiguration;
			buildSettings = {
				INFOPLIST_FILE = StreetPerformersUITests/Info.plist;
				LD_RUNPATH_SEARCH_PATHS = "$(inherited) @executable_path/Frameworks @loader_path/Frameworks";
				PRODUCT_BUNDLE_IDENTIFIER = HAB.StreetPerformersUITests;
				PRODUCT_NAME = "$(TARGET_NAME)";
				TEST_TARGET_NAME = StreetPerformers;
				USES_XCTRUNNER = YES;
			};
			name = Debug;
		};
		168DA2591C66771A00BF983C /* Release */ = {
			isa = XCBuildConfiguration;
			buildSettings = {
				INFOPLIST_FILE = StreetPerformersUITests/Info.plist;
				LD_RUNPATH_SEARCH_PATHS = "$(inherited) @executable_path/Frameworks @loader_path/Frameworks";
				PRODUCT_BUNDLE_IDENTIFIER = HAB.StreetPerformersUITests;
				PRODUCT_NAME = "$(TARGET_NAME)";
				TEST_TARGET_NAME = StreetPerformers;
				USES_XCTRUNNER = YES;
			};
			name = Release;
		};
/* End XCBuildConfiguration section */

/* Begin XCConfigurationList section */
		168DA2301C66771A00BF983C /* Build configuration list for PBXProject "StreetPerformers" */ = {
			isa = XCConfigurationList;
			buildConfigurations = (
				168DA2521C66771A00BF983C /* Debug */,
				168DA2531C66771A00BF983C /* Release */,
			);
			defaultConfigurationIsVisible = 0;
			defaultConfigurationName = Release;
		};
		168DA2541C66771A00BF983C /* Build configuration list for PBXNativeTarget "StreetPerformers" */ = {
			isa = XCConfigurationList;
			buildConfigurations = (
				168DA2551C66771A00BF983C /* Debug */,
				168DA2561C66771A00BF983C /* Release */,
			);
			defaultConfigurationIsVisible = 0;
			defaultConfigurationName = Release;
		};
		168DA2571C66771A00BF983C /* Build configuration list for PBXNativeTarget "StreetPerformersUITests" */ = {
			isa = XCConfigurationList;
			buildConfigurations = (
				168DA2581C66771A00BF983C /* Debug */,
				168DA2591C66771A00BF983C /* Release */,
			);
			defaultConfigurationIsVisible = 0;
			defaultConfigurationName = Release;
		};
/* End XCConfigurationList section */
	};
	rootObject = 168DA22D1C66771A00BF983C /* Project object */;
}
